
Microsoft Visual Studio Solution File, Format Version 12.00
Project("{2150E333-8FDC-42A3-9474-1A3956D46DE8}") = "Tests", "Tests", "{119F4026-BD2D-4CFC-88B1-031836A1A573}"
EndProject
Project("{2150E333-8FDC-42A3-9474-1A3956D46DE8}") = "Src", "Src", "{7778B1D9-75FF-4C95-93ED-0ECFEDA1EB99}"
	ProjectSection(SolutionItems) = preProject
		.gitignore = .gitignore
	EndProjectSection
EndProject
Project("{2150E333-8FDC-42A3-9474-1A3956D46DE8}") = "Web", "Web", "{7A432FF6-70E1-4817-94F8-09A21E9DAF6E}"
EndProject
Project("{FAE04EC0-301F-11D3-BF4B-00C04F79EFBC}") = "StaticData", "StaticData\StaticData.csproj", "{65C96A92-9EC8-4B78-BFE5-5C13D6DCF4B7}"
EndProject
Project("{FAE04EC0-301F-11D3-BF4B-00C04F79EFBC}") = "Greenmaster.AdminPortal", "Greenmaster.AdminPortal\Greenmaster.AdminPortal.csproj", "{2F20378E-003F-4FF6-97B5-8C2B1484DC8A}"
EndProject
Project("{FAE04EC0-301F-11D3-BF4B-00C04F79EFBC}") = "Greenmaster.AdminPortal.Tests", "Greenmaster.AdminPortal.Tests\Greenmaster.AdminPortal.Tests.csproj", "{910E22C5-BE31-4A44-8002-B922ECB17DFC}"
EndProject
Project("{FAE04EC0-301F-11D3-BF4B-00C04F79EFBC}") = "Greenmaster.Core.Tests", "Greenmaster.Core.Tests\Greenmaster.Core.Tests.csproj", "{60724F20-009D-4D5F-975E-B662398F6129}"
EndProject
Project("{FAE04EC0-301F-11D3-BF4B-00C04F79EFBC}") = "Greenmaster.Core", "Greenmaster.Core\Greenmaster.Core.csproj", "{4150594C-4E6D-4A87-8578-8377EC7B7548}"
EndProject
Project("{FAE04EC0-301F-11D3-BF4B-00C04F79EFBC}") = "Greenmaster.ArboretumWebService", "Greenmaster.ArboretumWebService\Greenmaster.ArboretumWebService.csproj", "{D99EBFBD-3684-4076-94EE-7E230734D454}"
EndProject
Global
	GlobalSection(SolutionConfigurationPlatforms) = preSolution
		Debug|Any CPU = Debug|Any CPU
		Release|Any CPU = Release|Any CPU
	EndGlobalSection
	GlobalSection(NestedProjects) = preSolution
		{7A432FF6-70E1-4817-94F8-09A21E9DAF6E} = {7778B1D9-75FF-4C95-93ED-0ECFEDA1EB99}
		{65C96A92-9EC8-4B78-BFE5-5C13D6DCF4B7} = {7778B1D9-75FF-4C95-93ED-0ECFEDA1EB99}
		{2F20378E-003F-4FF6-97B5-8C2B1484DC8A} = {7A432FF6-70E1-4817-94F8-09A21E9DAF6E}
		{910E22C5-BE31-4A44-8002-B922ECB17DFC} = {119F4026-BD2D-4CFC-88B1-031836A1A573}
		{60724F20-009D-4D5F-975E-B662398F6129} = {119F4026-BD2D-4CFC-88B1-031836A1A573}
		{4150594C-4E6D-4A87-8578-8377EC7B7548} = {7778B1D9-75FF-4C95-93ED-0ECFEDA1EB99}
		{D99EBFBD-3684-4076-94EE-7E230734D454} = {7A432FF6-70E1-4817-94F8-09A21E9DAF6E}
	EndGlobalSection
	GlobalSection(ProjectConfigurationPlatforms) = postSolution
		{65C96A92-9EC8-4B78-BFE5-5C13D6DCF4B7}.Debug|Any CPU.ActiveCfg = Debug|Any CPU
		{65C96A92-9EC8-4B78-BFE5-5C13D6DCF4B7}.Debug|Any CPU.Build.0 = Debug|Any CPU
		{65C96A92-9EC8-4B78-BFE5-5C13D6DCF4B7}.Release|Any CPU.ActiveCfg = Release|Any CPU
		{65C96A92-9EC8-4B78-BFE5-5C13D6DCF4B7}.Release|Any CPU.Build.0 = Release|Any CPU
		{2F20378E-003F-4FF6-97B5-8C2B1484DC8A}.Debug|Any CPU.ActiveCfg = Debug|Any CPU
		{2F20378E-003F-4FF6-97B5-8C2B1484DC8A}.Debug|Any CPU.Build.0 = Debug|Any CPU
		{2F20378E-003F-4FF6-97B5-8C2B1484DC8A}.Release|Any CPU.ActiveCfg = Release|Any CPU
		{2F20378E-003F-4FF6-97B5-8C2B1484DC8A}.Release|Any CPU.Build.0 = Release|Any CPU
		{910E22C5-BE31-4A44-8002-B922ECB17DFC}.Debug|Any CPU.ActiveCfg = Debug|Any CPU
		{910E22C5-BE31-4A44-8002-B922ECB17DFC}.Debug|Any CPU.Build.0 = Debug|Any CPU
		{910E22C5-BE31-4A44-8002-B922ECB17DFC}.Release|Any CPU.ActiveCfg = Release|Any CPU
		{910E22C5-BE31-4A44-8002-B922ECB17DFC}.Release|Any CPU.Build.0 = Release|Any CPU
		{60724F20-009D-4D5F-975E-B662398F6129}.Debug|Any CPU.ActiveCfg = Debug|Any CPU
		{60724F20-009D-4D5F-975E-B662398F6129}.Debug|Any CPU.Build.0 = Debug|Any CPU
		{60724F20-009D-4D5F-975E-B662398F6129}.Release|Any CPU.ActiveCfg = Release|Any CPU
		{60724F20-009D-4D5F-975E-B662398F6129}.Release|Any CPU.Build.0 = Release|Any CPU
		{4150594C-4E6D-4A87-8578-8377EC7B7548}.Debug|Any CPU.ActiveCfg = Debug|Any CPU
		{4150594C-4E6D-4A87-8578-8377EC7B7548}.Debug|Any CPU.Build.0 = Debug|Any CPU
		{4150594C-4E6D-4A87-8578-8377EC7B7548}.Release|Any CPU.ActiveCfg = Release|Any CPU
		{4150594C-4E6D-4A87-8578-8377EC7B7548}.Release|Any CPU.Build.0 = Release|Any CPU
		{D99EBFBD-3684-4076-94EE-7E230734D454}.Debug|Any CPU.ActiveCfg = Debug|Any CPU
		{D99EBFBD-3684-4076-94EE-7E230734D454}.Debug|Any CPU.Build.0 = Debug|Any CPU
		{D99EBFBD-3684-4076-94EE-7E230734D454}.Release|Any CPU.ActiveCfg = Release|Any CPU
		{D99EBFBD-3684-4076-94EE-7E230734D454}.Release|Any CPU.Build.0 = Release|Any CPU
	EndGlobalSection
EndGlobal
